{
    "_meta": {
        "hash": {
            "sha256": "8326a6a5f577149abed513394f89069342e34fc474711f99aa948b46f462387e"
        },
        "pipfile-spec": 6,
        "requires": {
            "python_version": "3.8"
        },
        "sources": [
            {
                "name": "pypi",
                "url": "https://pypi.org/simple",
                "verify_ssl": true
            }
        ]
    },
    "default": {
        "backcall": {
            "hashes": [
                "sha256:5cbdbf27be5e7cfadb448baf0aa95508f91f2bbc6c6437cd9cd06e2a4c215e1e",
                "sha256:fbbce6a29f263178a1f7915c1940bde0ec2b2a967566fe1c65c1dfb7422bd255"
            ],
            "version": "==0.2.0"
        },
        "base58": {
            "hashes": [
                "sha256:365c9561d9babac1b5f18ee797508cd54937a724b6e419a130abad69cec5ca79",
                "sha256:447adc750d6b642987ffc6d397ecd15a799852d5f6a1d308d384500243825058"
            ],
            "markers": "python_version >= '3.5'",
            "version": "==2.0.1"
        },
        "certifi": {
            "hashes": [
                "sha256:1a4995114262bffbc2413b159f2a1a480c969de6e6eb13ee966d470af86af59c",
                "sha256:719a74fb9e33b9bd44cc7f3a8d94bc35e4049deebe19ba7d8e108280cfd59830"
            ],
            "version": "==2020.12.5"
        },
        "chardet": {
            "hashes": [
                "sha256:0d6f53a15db4120f2b08c94f11e7d93d2c911ee118b6b30a04ec3ee8310179fa",
                "sha256:f864054d66fd9118f2e67044ac8981a54775ec5b67aed0441892edb553d21da5"
            ],
            "markers": "python_version >= '2.7' and python_version not in '3.0, 3.1, 3.2, 3.3, 3.4'",
            "version": "==4.0.0"
        },
        "decorator": {
            "hashes": [
                "sha256:566f7d4563486f27d3c9fd201fd6f6f95eaf7cf4ad6f6ebbcffe82563b7bf06c",
                "sha256:e3f6d0eb6f1bf4580f872cb4313cb9a2067183e92bb1fbc4e5309285342d3420"
            ],
            "markers": "python_version >= '3.5'",
            "version": "==5.0.3"
        },
        "idna": {
            "hashes": [
                "sha256:b307872f855b18632ce0c21c5e45be78c0ea7ae4c15c828c20788b26921eb3f6",
                "sha256:b97d804b1e9b523befed77c48dacec60e6dcb0b5391d57af6a65a312a90648c0"
            ],
            "markers": "python_version >= '2.7' and python_version not in '3.0, 3.1, 3.2, 3.3'",
            "version": "==2.10"
        },
        "ipython": {
            "hashes": [
                "sha256:9c900332d4c5a6de534b4befeeb7de44ad0cc42e8327fa41b7685abde58cec74",
                "sha256:c0ce02dfaa5f854809ab7413c601c4543846d9da81010258ecdab299b542d199"
            ],
            "index": "pypi",
            "version": "==7.22.0"
        },
        "ipython-genutils": {
            "hashes": [
                "sha256:72dd37233799e619666c9f639a9da83c34013a73e8bbc79a7a6348d93c61fab8",
                "sha256:eb2e116e75ecef9d4d228fdc66af54269afa26ab4463042e33785b887c628ba8"
            ],
            "version": "==0.2.0"
        },
        "jedi": {
            "hashes": [
                "sha256:18456d83f65f400ab0c2d3319e48520420ef43b23a086fdc05dff34132f0fb93",
                "sha256:92550a404bad8afed881a137ec9a461fed49eca661414be45059329614ed0707"
            ],
            "markers": "python_version >= '3.6'",
            "version": "==0.18.0"
        },
        "more-itertools": {
            "hashes": [
                "sha256:5652a9ac72209ed7df8d9c15daf4e1aa0e3d2ccd3c87f8265a0673cd9cbc9ced",
                "sha256:c5d6da9ca3ff65220c3bfd2a8db06d698f05d4d2b9be57e1deb2be5a45019713"
            ],
            "markers": "python_version >= '3.5'",
            "version": "==8.7.0"
        },
        "parso": {
            "hashes": [
                "sha256:12b83492c6239ce32ff5eed6d3639d6a536170723c6f3f1506869f1ace413398",
                "sha256:a8c4922db71e4fdb90e0d0bc6e50f9b273d3397925e5e60a717e719201778d22"
            ],
            "markers": "python_version >= '3.6'",
            "version": "==0.8.2"
        },
        "pexpect": {
            "hashes": [
                "sha256:0b48a55dcb3c05f3329815901ea4fc1537514d6ba867a152b581d69ae3710937",
                "sha256:fc65a43959d153d0114afe13997d439c22823a27cefceb5ff35c2178c6784c0c"
            ],
            "markers": "sys_platform != 'win32'",
            "version": "==4.8.0"
        },
        "pickleshare": {
            "hashes": [
                "sha256:87683d47965c1da65cdacaf31c8441d12b8044cdec9aca500cd78fc2c683afca",
                "sha256:9649af414d74d4df115d5d718f82acb59c9d418196b7b4290ed47a12ce62df56"
            ],
            "version": "==0.7.5"
        },
        "prompt-toolkit": {
            "hashes": [
                "sha256:bf00f22079f5fadc949f42ae8ff7f05702826a97059ffcc6281036ad40ac6f04",
                "sha256:e1b4f11b9336a28fa11810bc623c357420f69dfdb6d2dac41ca2c21a55c033bc"
            ],
            "markers": "python_full_version >= '3.6.1'",
            "version": "==3.0.18"
        },
        "ptyprocess": {
            "hashes": [
                "sha256:4b41f3967fce3af57cc7e94b888626c18bf37a083e3651ca8feeb66d492fef35",
                "sha256:5c5d0a3b48ceee0b48485e0c26037c0acd7d29765ca3fbb5cb3831d347423220"
            ],
            "version": "==0.7.0"
        },
        "py-bip39-bindings": {
            "hashes": [
                "sha256:ceb79dffd3f2719e248c703034cc8f8e574ae2491c257cbd01ebee56b68370f6",
                "sha256:6954a9757d516a1d565b953132bc82b0d25a485db875d83031416f172c90a42c",
                "sha256:b2796a133dce426e50dd3d91b3af3a172cef4e944d8afe7d0c00b14f7eb5a7f6",
                "sha256:8135de7296251e26a6971a378ef2b5d12e15467915fb964978a4a206209ab3fa",
                "sha256:e6736092f4c5307d5647cd995b4c2b8fafe02a488365684cc99cfbdac36d6e85",
                "sha256:59793eb59fedaa111f49da60642e68beb6c92fee12a40012654d60f64e8f8cf6",
                "sha256:ad9964e874461a5e62b7b914c9b86fc1b1dd77a508075994aae91a15c42f89c2",
                "sha256:227a073b3f187b136316b3fe3ec995371f0392c858a9d26cedc8e681c69537ea",
                "sha256:7c7005fd64a3f34b453f140abf5bbfdb7fed0ea974ea3787a3c22b9f84d8bb15",
                "sha256:c3eda5bc475f23b6a0053990943960ddc90349f21f8db87949ff5efa065eab72",
                "sha256:ef80e0a944d54af3165b28f6817942e5ddd92d8c9eca16d7e8275d19f539a636",
                "sha256:a653041dee1c8cad322b30d84f5714aa2ece2805eb91220104c2c90f39a6cf92",
                "sha256:8486b1548534b022d88506b62a97abb936a9f51973c83ce60d4401f472426260",
                "sha256:dccd5516df07ac47c5fa3cf12c567a4d041a928ee775b5b5c121d73d64d3cc01",
                "sha256:abd4e9b92809185424b15f6197ffb46dede36bbce488bbf4992989a6a0c70446",
                "sha256:141fafbdc312354bcd0fb398fd2b8d215bb51d89b2824c14d86ddc7b5b9f23e7",
                "sha256:1ceb867165d46b7f93761a43df2a13f9b7ec5276563bb11935e53c0ea9bb9bd9",
                "sha256:5eebbe301cbcd691a4e23c331d5ecb23070837db87fe12cd9758bc51db0e7f52",
                "sha256:80ac8bf3ca74943705a63789345a9f7a3fcb7f583c4deb5331c07b4ad1e7d88f"
            ],
            "version": "==0.1.6"
        },
        "py-ed25519-bindings": {
            "hashes": [
                "sha256:bc7e4fb0deacd053167bf545eff5f3100a7b76f0e2b32396b826840e06dae1e0",
                "sha256:e23f917827c42d577bd97972f57701458c456c5f912bd84287aed335d7cf419f",
                "sha256:58cbd422ba241bf0581d7bfc832feba039e1aaf2b787a6d3bdfb2b3b4ff01093",
                "sha256:cdc21d582fd0c198f8a69da42bafff65b63e6a6750c471ee0a231c4dd5a3eccb",
                "sha256:705d09f25b00fb8bd47ef2add8693ca07a5824a9083d201c451cbdc8bc8a7a4f",
                "sha256:df3ca79e848ee66d8ca7c8246e8bd7cf15f34aeb1c0bd5bb03fa55e701b29d0d",
                "sha256:cb3266cf7863815ed5ba402cc298997f6e7e00e1036d34ea9c31f0bd0a6e8515",
                "sha256:b5a67668ca6f0c9f090433af40e78aaa9f7caf86c3f5d38e45bc926563a5f537",
                "sha256:4540ae8e92af469675d9b9cf61f3fc0aef13a4778bf74738cdc287a865c8802d",
                "sha256:5b0ddd49bb35da82ec4acbdb2570bcffa2acd8a42f17e71cf6b6936027531993",
                "sha256:8bf74f947e460c74a0307515304962ff40d13dcac1c7bbef94ae5a595aa37faa",
                "sha256:90af984670df7807f45d637cd96b0636d81524a6f3042f2e2d780851716b3fad",
                "sha256:11cc07e9a65f9a0676a169fd1ceb96aac24bd64adc35bfbf3c6e4526c5e154d6",
                "sha256:05618fcde2526ebcccc85d9e1a6d30c3b4dbaf4c1d1d0b89780d409505b8436a",
                "sha256:461ee3ef97bf77d6e0d6a12be06b25e5c65324f2b71d1ea45d26cfb80ef9c8bd",
                "sha256:1d5c174a136b8714264ccdc94c4b582fdb2010993996ea4d4abe90e2baa704d0",
                "sha256:bf1b9ac2047782bf50f6aa3eebcf76abeee853f5bcc9445e60dd5e64f58fe907",
                "sha256:ede28680cb2eea9b9463a679c1f6961a97fc18402d5ce31f82ab70e345ed4557",
                "sha256:0de51a77f6baee3c177cc23442b6620477de7d6c1725abc4bb3c8afd78801449"
            ],
            "version": "==0.1.2"
        },
        "py-sr25519-bindings": {
            "hashes": [
                "sha256:b5bf670f9b26e420cc4743c5ec93fc591cf90fe706bbb900113388c7dba71dbe",
                "sha256:c35809c375b00f5b59bd9d459dd88d36632834813c474c0b86e065611852c470",
                "sha256:73384952f99c7fe342f261c4100627ecaa60c598630efd0fc201ce0411777689",
                "sha256:b02838df9baffb3ed00b67f8d750f043a8fcb09d10b290c319abdf98b2a33c40",
                "sha256:6faae89358463ee21dc1810fb83ad8ff0386add5f116e5b080da5eb3fbb3b636",
                "sha256:5406edb63da0b1034c43c0d18b16e4cbf2392519cc15e19beba86c61af418dab",
                "sha256:6289ca35f42d3dbb7b6d1fb09d338ed14ed544dcaff5f865cd9784fe687bdbaf",
                "sha256:c128c801f81f788ed32bd46c2836c13a41c3374f4172030ee4df1c8be258035b",
                "sha256:0dfa7ce6faef9ac2ac08b91ae50c36ff2e7634507dbe8b2e14e301c482d17723",
                "sha256:a0c1d98bf0787298dd6ef1e14a67503b90296196e1345b1d7a1edd3b9a21002d",
                "sha256:c1de9d146f89004a783e68ee3ba095944d421d3ac6263a69a2a8bb8e8aa928cc",
                "sha256:d8433bca61e077ea210573e9a2f18342942feae143fc0bd9e7202c6eec5a5200",
                "sha256:11e33595ee3fcf780be7c66111f6eec2e5d966cac075a25df16683e6932c1cae",
                "sha256:337a4dcd8c3091e4f233bb5e47f9a5e06aa6afdeb2474c962d4b5e86c5ddfc8f",
                "sha256:6b8f20278bc7fd1e078bfbfbaaebdd1e5cae86a31e9e92f3c330c0e2560e69e3",
                "sha256:f40b83ca8ea93251ef34999f27a3e86f78490f3bea164a00e5b63a60407103fc",
                "sha256:4dc69a663459992763e226bf884bb6a632db32ffb4edca3aba366f6847793d9d",
                "sha256:d40f8e89ba3c7eae7231683f168a273ed892b305d39c5e2f93abe016e58c5f53",
                "sha256:2e3cdaef30f80c1b89b84c6de2ee2b3612819681fe648d2f5c119b0ef0a9be38"
            ],
            "version": "==0.1.2"
        },
        "pygments": {
            "hashes": [
                "sha256:2656e1a6edcdabf4275f9a3640db59fd5de107d88e8663c5d4e9a0fa62f77f94",
                "sha256:534ef71d539ae97d4c3a4cf7d6f110f214b0e687e92f9cb9d2a3b0d3101289c8"
            ],
            "markers": "python_version >= '3.5'",
            "version": "==2.8.1"
        },
        "requests": {
            "hashes": [
                "sha256:27973dd4a904a4f13b263a19c866c13b92a39ed1c964655f025f3f8d3d75b804",
                "sha256:c210084e36a42ae6b9219e00e48287def368a26d03a048ddad7bfee44f75871e"
            ],
            "markers": "python_version >= '2.7' and python_version not in '3.0, 3.1, 3.2, 3.3, 3.4'",
            "version": "==2.25.1"
        },
        "scalecodec": {
            "hashes": [
                "sha256:a531923a83d7cd237c64ef897b6b2706364be333d5c9103c3252a7c8dab83894",
                "sha256:e0d2e87a96ed7d924615b8ca373107035294a30810b2bf40f7376ffbc465cde5"
            ],
            "markers": "python_version >= '3.6' and python_version < '4'",
            "version": "==0.10.72"
        },
        "six": {
            "hashes": [
                "sha256:30639c035cdb23534cd4aa2dd52c3bf48f06e5f4a941509c8bafd8ce11080259",
                "sha256:8b74bedcbbbaca38ff6d7491d76f2b06b3592611af620f8426e82dddb04a5ced"
            ],
            "markers": "python_version >= '2.7' and python_version not in '3.0, 3.1, 3.2, 3.3'",
            "version": "==1.15.0"
        },
        "substrate-interface": {
            "hashes": [
                "sha256:32fab6b7893643c4c1f6454e38a74ce3aa72da4c44d55eddb78035a2459dda80",
                "sha256:89b011f9361dda70cf51c2069917f1c68ace175d530741996f51a018f4193d32"
            ],
            "index": "pypi",
            "version": "==0.12.2"
        },
        "traitlets": {
            "hashes": [
                "sha256:178f4ce988f69189f7e523337a3e11d91c786ded9360174a3d9ca83e79bc5396",
                "sha256:69ff3f9d5351f31a7ad80443c2674b7099df13cc41fc5fa6e2f6d3b0330b0426"
            ],
            "markers": "python_version >= '3.7'",
            "version": "==5.0.5"
        },
        "urllib3": {
            "hashes": [
                "sha256:2f4da4594db7e1e110a944bb1b551fdf4e6c136ad42e4234131391e21eb5b0df",
                "sha256:e7b021f7241115872f92f43c6508082facffbd1c048e3c6e2bb9c2a157e28937"
            ],
            "markers": "python_version >= '2.7' and python_version not in '3.0, 3.1, 3.2, 3.3, 3.4' and python_version < '4'",
            "version": "==1.26.4"
        },
        "wcwidth": {
            "hashes": [
                "sha256:beb4802a9cebb9144e99086eff703a642a13d6a0052920003a230f3294bbe784",
                "sha256:c4d647b99872929fdb7bdcaa4fbe7f01413ed3d98077df798530e5b04f116c83"
            ],
            "version": "==0.2.5"
        },
        "websocket-client": {
            "hashes": [
                "sha256:44b5df8f08c74c3d82d28100fdc81f4536809ce98a17f0757557813275fbb663",
                "sha256:63509b41d158ae5b7f67eb4ad20fecbb4eee99434e73e140354dc3ff8e09716f"
            ],
            "markers": "python_version >= '2.6' and python_version not in '3.0, 3.1, 3.2, 3.3'",
            "version": "==0.58.0"
        },
        "xxhash": {
            "hashes": [
                "sha256:02476c5cef803cfd1350662b1e543e47ad64bd5f7f792033d94d590f9674da11",
                "sha256:0ecea927fd3df8f3f3a1d6e5bc85838eb44a69ea2f4c9263dfd0f68c4e17e483",
                "sha256:0f5f1b9ae8e2cf2ff606018769f7e46147df70291312f64e1b80d10482ca8c0b",
                "sha256:16e4b7d508bb49b6fc84bf077f2f7f51263b5618cc61f33a64ed43786ec2c6cf",
                "sha256:1b86f49b36c25ebdbd1b5539d428a37d9051ad49eb576a3edd964a8770bc8f3a",
                "sha256:28c1f0bb6dadc11162d1f2e203d7a12d38b511b87fbb5ffa729594fd456f48e6",
                "sha256:2912d7810bcf7e39b3929fb186fe46ff83b1bd4a3d6b7eba956d57fa1516ac0c",
                "sha256:2f0ca6673fcbae988389576a779c00a62a28718a18ddc7b2e5b32d7fb30c6f98",
                "sha256:3221f1a5bc2ee1f150b84a0c4c7cddc7724aaa01460f3353cf63fd667d89f593",
                "sha256:33c4832e689f429539d70baf69162b41dfbabc7f31ca542b5b772cb8a55e7a79",
                "sha256:3d25b540148f1ebf4852e4115f3f4819b585ecd36f121a1f388e8966d69d3a1c",
                "sha256:3f29f6d455388cc415fe52c0f63f442aaea674cee35a2252d8d4dc8d640938c6",
                "sha256:4167f22b037e128820f7642ecc1fbf1b4b4956346093a2e75081bee82b9cfb7e",
                "sha256:44b26872fd63f1eaf1ab527817aebbd455a3fdcbd56ff6df74fd42a6a137cff4",
                "sha256:48b99c55fc643b32f5efca9c35fcaac6ea553958cf503e202c10eb62718e7a0e",
                "sha256:58ca818554c1476fa1456f6cd4b87002e2294f09baf0f81e5a2a4968e62c423c",
                "sha256:5b3c0c84187556d463626ceed85f0d735a5b8ea1678da3e858d3934f38f23915",
                "sha256:5d2edbb50025a67f061d09d381c54c7d0948c1572f6c9bd15ee238a303d368d9",
                "sha256:635b1d7fa85d215112f41d089bd113ac139f6a42769fcc49c73e779904160f7f",
                "sha256:7291392bdb1d38c44557dfd3fcd4fd04c363a696dbfa7e6592700a31e4ff6657",
                "sha256:7709bc8a5e30c74b07203553f33232531e7739458f72204908cedb08a00bd546",
                "sha256:7943ede91d8aedfcacb7178b2d881b7498145590206ff61c3e84dc66e6a51d6a",
                "sha256:80903d4ce7337921bbc8e5ac695b45691b43c0a00b21964c76e19ea21b9108ea",
                "sha256:82034c9ed54db20f051133cba01de959b5208fe2900e67ebb4c9631f1fd523fd",
                "sha256:85c5de6c56335b75beef2cba713f95a1b62422be5e27dad30b5083419c6839c4",
                "sha256:8b7e930a60dfe7380e52466aa27941290dd575a5750c622158c86941797eaa1b",
                "sha256:8f90deec6567a38e1da29feff36973468691e309b2db8235e64936e61df77c43",
                "sha256:922ae5b1efa1f9a9cc959f7197113a623ad110853622e990433242a9d8d00d5c",
                "sha256:99b5412a3eddb1aa9aaf36cdbf93be4eca99ad83ff8c692672fdeedc7fb597de",
                "sha256:9d0311fcd78dabe04ab3b4034659628b00ac220e77e37648f73aebbf4cb13680",
                "sha256:ade1c356acd0b0454a3d3cf42442afe7ad0f46fc944ea1e84720b3858bfdb772",
                "sha256:b5c2edb8b0a2acc5bdac984b3177711f206463b970aa03087221771c2b0d8f1d",
                "sha256:b94f13f4f946500f3cc78f11da4ec4b340bd92c5200b5fe4e6aeac96064aa1fd",
                "sha256:bcd1e9f3ba8df23edefe1d0a886f16b4e27602acbd8575b39540fea26e1aa6d2",
                "sha256:bdbc195231c87d63b0503785d9c5264f4275a92da41d9f28fdf08fb321453356",
                "sha256:bde4d39997de901d0a66ebd631b34f9cf106676fec0878f36b7baf630cb3965a",
                "sha256:be93004b832717234a7d2f47dc555428ab1e8712f99cad7d212cebe0e27d3d48",
                "sha256:bf360465dc3d24b1501b799c85815c82ddcfc0ffbcba0232968f3a7cd64306fc",
                "sha256:cb4feeb8881eb89b9ddd0fae797deb078ebdaad6b1ae6c185b9993d241ed365a",
                "sha256:cba4b6d174b524623ac8b64bda734601d574f95033f87ddf9c495c69a70135e8",
                "sha256:d1859d54837af16ae2a7975477e619793ac698a374d909f533e317c3b384b223",
                "sha256:df8d1ebdef86bd5d772d81c91d5d111a5ee8e4b68b8fc6b6edfa5aa825dd2a3d",
                "sha256:e0fc170c3a00ca008d992c2e6324da3f1467b30044b5835d2feb27870645d38c",
                "sha256:e296b0dee072a54c40c04f09ca35bb9902bb74b54f0fffeafabfc937b3ec85f9",
                "sha256:e37b25182e969212d5aec60a8da7d1e6a960dbffdb9ba4c63e2240de3605c184",
                "sha256:f01c59f5bad2e46bb4235b71b36c56be353f08b6d514a3bd0deb9bf56e4b180a",
                "sha256:fabee25186b6649bbf6ff258f23941339902374786f8317b0422144ddaa505df",
                "sha256:fb3c9760598009b1d8bbe57785e278aeb956efb7372d8f9b0bb43cd46f420dff",
                "sha256:fc03a399205268815742125b17d967afa9f23b08cdafe185e41368cf7ba9b278",
                "sha256:fca7d0fb6fde33d1ac5f97298f44e711e5fe1b4587832864be8c6545cb072a54"
            ],
            "markers": "python_version >= '2.6' and python_version not in '3.0, 3.1, 3.2, 3.3'",
            "version": "==2.0.0"
        }
    },
    "develop": {}
}
