{
    "_meta": {
        "hash": {
            "sha256": "de2185eb3a2b080fe14852d9c2f90d12e45a7eee8d094ec32699e88ea6fec163"
        },
        "pipfile-spec": 6,
        "requires": {
            "python_version": "3.8"
        },
        "sources": [
            {
                "name": "pypi",
                "url": "https://pypi.org/simple",
                "verify_ssl": true
            }
        ]
    },
    "default": {
        "appnope": {
            "hashes": [
                "sha256:93aa393e9d6c54c5cd570ccadd8edad61ea0c4b9ea7a01409020c9aa019eb442",
                "sha256:dd83cd4b5b460958838f6eb3000c660b1f9caf2a5b1de4264e941512f603258a"
            ],
            "markers": "sys_platform == 'darwin'",
            "version": "==0.1.2"
        },
        "backcall": {
            "hashes": [
                "sha256:5cbdbf27be5e7cfadb448baf0aa95508f91f2bbc6c6437cd9cd06e2a4c215e1e",
                "sha256:fbbce6a29f263178a1f7915c1940bde0ec2b2a967566fe1c65c1dfb7422bd255"
            ],
            "version": "==0.2.0"
        },
        "base58": {
            "hashes": [
                "sha256:365c9561d9babac1b5f18ee797508cd54937a724b6e419a130abad69cec5ca79",
                "sha256:447adc750d6b642987ffc6d397ecd15a799852d5f6a1d308d384500243825058"
            ],
            "markers": "python_version >= '3.5'",
            "version": "==2.0.1"
        },
        "certifi": {
            "hashes": [
                "sha256:1a4995114262bffbc2413b159f2a1a480c969de6e6eb13ee966d470af86af59c",
                "sha256:719a74fb9e33b9bd44cc7f3a8d94bc35e4049deebe19ba7d8e108280cfd59830"
            ],
            "version": "==2020.12.5"
        },
        "chardet": {
            "hashes": [
                "sha256:0d6f53a15db4120f2b08c94f11e7d93d2c911ee118b6b30a04ec3ee8310179fa",
                "sha256:f864054d66fd9118f2e67044ac8981a54775ec5b67aed0441892edb553d21da5"
            ],
            "markers": "python_version >= '2.7' and python_version not in '3.0, 3.1, 3.2, 3.3, 3.4'",
            "version": "==4.0.0"
        },
        "decorator": {
            "hashes": [
                "sha256:6f201a6c4dac3d187352661f508b9364ec8091217442c9478f1f83c003a0f060",
                "sha256:945d84890bb20cc4a2f4a31fc4311c0c473af65ea318617f13a7257c9a58bc98"
            ],
            "markers": "python_version >= '3.5'",
            "version": "==5.0.7"
        },
        "idna": {
            "hashes": [
                "sha256:b307872f855b18632ce0c21c5e45be78c0ea7ae4c15c828c20788b26921eb3f6",
                "sha256:b97d804b1e9b523befed77c48dacec60e6dcb0b5391d57af6a65a312a90648c0"
            ],
            "markers": "python_version >= '2.7' and python_version not in '3.0, 3.1, 3.2, 3.3'",
            "version": "==2.10"
        },
        "ipython": {
            "hashes": [
                "sha256:9c900332d4c5a6de534b4befeeb7de44ad0cc42e8327fa41b7685abde58cec74",
                "sha256:c0ce02dfaa5f854809ab7413c601c4543846d9da81010258ecdab299b542d199"
            ],
            "index": "pypi",
            "version": "==7.22.0"
        },
        "ipython-genutils": {
            "hashes": [
                "sha256:72dd37233799e619666c9f639a9da83c34013a73e8bbc79a7a6348d93c61fab8",
                "sha256:eb2e116e75ecef9d4d228fdc66af54269afa26ab4463042e33785b887c628ba8"
            ],
            "version": "==0.2.0"
        },
        "jedi": {
            "hashes": [
                "sha256:18456d83f65f400ab0c2d3319e48520420ef43b23a086fdc05dff34132f0fb93",
                "sha256:92550a404bad8afed881a137ec9a461fed49eca661414be45059329614ed0707"
            ],
            "markers": "python_version >= '3.6'",
            "version": "==0.18.0"
        },
        "more-itertools": {
            "hashes": [
                "sha256:5652a9ac72209ed7df8d9c15daf4e1aa0e3d2ccd3c87f8265a0673cd9cbc9ced",
                "sha256:c5d6da9ca3ff65220c3bfd2a8db06d698f05d4d2b9be57e1deb2be5a45019713"
            ],
            "markers": "python_version >= '3.5'",
            "version": "==8.7.0"
        },
        "parso": {
            "hashes": [
                "sha256:12b83492c6239ce32ff5eed6d3639d6a536170723c6f3f1506869f1ace413398",
                "sha256:a8c4922db71e4fdb90e0d0bc6e50f9b273d3397925e5e60a717e719201778d22"
            ],
            "markers": "python_version >= '3.6'",
            "version": "==0.8.2"
        },
        "pexpect": {
            "hashes": [
                "sha256:0b48a55dcb3c05f3329815901ea4fc1537514d6ba867a152b581d69ae3710937",
                "sha256:fc65a43959d153d0114afe13997d439c22823a27cefceb5ff35c2178c6784c0c"
            ],
            "markers": "sys_platform != 'win32'",
            "version": "==4.8.0"
        },
        "pickleshare": {
            "hashes": [
                "sha256:87683d47965c1da65cdacaf31c8441d12b8044cdec9aca500cd78fc2c683afca",
                "sha256:9649af414d74d4df115d5d718f82acb59c9d418196b7b4290ed47a12ce62df56"
            ],
            "version": "==0.7.5"
        },
        "prompt-toolkit": {
            "hashes": [
                "sha256:bf00f22079f5fadc949f42ae8ff7f05702826a97059ffcc6281036ad40ac6f04",
                "sha256:e1b4f11b9336a28fa11810bc623c357420f69dfdb6d2dac41ca2c21a55c033bc"
            ],
            "markers": "python_full_version >= '3.6.1'",
            "version": "==3.0.18"
        },
        "ptyprocess": {
            "hashes": [
                "sha256:4b41f3967fce3af57cc7e94b888626c18bf37a083e3651ca8feeb66d492fef35",
                "sha256:5c5d0a3b48ceee0b48485e0c26037c0acd7d29765ca3fbb5cb3831d347423220"
            ],
            "version": "==0.7.0"
        },
        "py-bip39-bindings": {
            "hashes": [
                "sha256:141fafbdc312354bcd0fb398fd2b8d215bb51d89b2824c14d86ddc7b5b9f23e7",
                "sha256:1ceb867165d46b7f93761a43df2a13f9b7ec5276563bb11935e53c0ea9bb9bd9",
                "sha256:227a073b3f187b136316b3fe3ec995371f0392c858a9d26cedc8e681c69537ea",
                "sha256:59793eb59fedaa111f49da60642e68beb6c92fee12a40012654d60f64e8f8cf6",
                "sha256:5eebbe301cbcd691a4e23c331d5ecb23070837db87fe12cd9758bc51db0e7f52",
                "sha256:6954a9757d516a1d565b953132bc82b0d25a485db875d83031416f172c90a42c",
                "sha256:7c7005fd64a3f34b453f140abf5bbfdb7fed0ea974ea3787a3c22b9f84d8bb15",
                "sha256:80ac8bf3ca74943705a63789345a9f7a3fcb7f583c4deb5331c07b4ad1e7d88f",
                "sha256:8135de7296251e26a6971a378ef2b5d12e15467915fb964978a4a206209ab3fa",
                "sha256:8486b1548534b022d88506b62a97abb936a9f51973c83ce60d4401f472426260",
                "sha256:a653041dee1c8cad322b30d84f5714aa2ece2805eb91220104c2c90f39a6cf92",
                "sha256:abd4e9b92809185424b15f6197ffb46dede36bbce488bbf4992989a6a0c70446",
                "sha256:ad9964e874461a5e62b7b914c9b86fc1b1dd77a508075994aae91a15c42f89c2",
                "sha256:b2796a133dce426e50dd3d91b3af3a172cef4e944d8afe7d0c00b14f7eb5a7f6",
                "sha256:c3eda5bc475f23b6a0053990943960ddc90349f21f8db87949ff5efa065eab72",
                "sha256:ceb79dffd3f2719e248c703034cc8f8e574ae2491c257cbd01ebee56b68370f6",
                "sha256:dccd5516df07ac47c5fa3cf12c567a4d041a928ee775b5b5c121d73d64d3cc01",
                "sha256:e6736092f4c5307d5647cd995b4c2b8fafe02a488365684cc99cfbdac36d6e85",
                "sha256:ef80e0a944d54af3165b28f6817942e5ddd92d8c9eca16d7e8275d19f539a636"
            ],
            "version": "==0.1.6"
        },
        "py-ed25519-bindings": {
            "hashes": [
                "sha256:05618fcde2526ebcccc85d9e1a6d30c3b4dbaf4c1d1d0b89780d409505b8436a",
                "sha256:0de51a77f6baee3c177cc23442b6620477de7d6c1725abc4bb3c8afd78801449",
                "sha256:11cc07e9a65f9a0676a169fd1ceb96aac24bd64adc35bfbf3c6e4526c5e154d6",
                "sha256:1d5c174a136b8714264ccdc94c4b582fdb2010993996ea4d4abe90e2baa704d0",
                "sha256:4540ae8e92af469675d9b9cf61f3fc0aef13a4778bf74738cdc287a865c8802d",
                "sha256:461ee3ef97bf77d6e0d6a12be06b25e5c65324f2b71d1ea45d26cfb80ef9c8bd",
                "sha256:58cbd422ba241bf0581d7bfc832feba039e1aaf2b787a6d3bdfb2b3b4ff01093",
                "sha256:5b0ddd49bb35da82ec4acbdb2570bcffa2acd8a42f17e71cf6b6936027531993",
                "sha256:705d09f25b00fb8bd47ef2add8693ca07a5824a9083d201c451cbdc8bc8a7a4f",
                "sha256:8bf74f947e460c74a0307515304962ff40d13dcac1c7bbef94ae5a595aa37faa",
                "sha256:90af984670df7807f45d637cd96b0636d81524a6f3042f2e2d780851716b3fad",
                "sha256:b5a67668ca6f0c9f090433af40e78aaa9f7caf86c3f5d38e45bc926563a5f537",
                "sha256:bc7e4fb0deacd053167bf545eff5f3100a7b76f0e2b32396b826840e06dae1e0",
                "sha256:bf1b9ac2047782bf50f6aa3eebcf76abeee853f5bcc9445e60dd5e64f58fe907",
                "sha256:cb3266cf7863815ed5ba402cc298997f6e7e00e1036d34ea9c31f0bd0a6e8515",
                "sha256:cdc21d582fd0c198f8a69da42bafff65b63e6a6750c471ee0a231c4dd5a3eccb",
                "sha256:df3ca79e848ee66d8ca7c8246e8bd7cf15f34aeb1c0bd5bb03fa55e701b29d0d",
                "sha256:e23f917827c42d577bd97972f57701458c456c5f912bd84287aed335d7cf419f",
                "sha256:ede28680cb2eea9b9463a679c1f6961a97fc18402d5ce31f82ab70e345ed4557"
            ],
            "version": "==0.1.2"
        },
        "py-sr25519-bindings": {
            "hashes": [
                "sha256:0dfa7ce6faef9ac2ac08b91ae50c36ff2e7634507dbe8b2e14e301c482d17723",
                "sha256:11e33595ee3fcf780be7c66111f6eec2e5d966cac075a25df16683e6932c1cae",
                "sha256:2e3cdaef30f80c1b89b84c6de2ee2b3612819681fe648d2f5c119b0ef0a9be38",
                "sha256:337a4dcd8c3091e4f233bb5e47f9a5e06aa6afdeb2474c962d4b5e86c5ddfc8f",
                "sha256:4dc69a663459992763e226bf884bb6a632db32ffb4edca3aba366f6847793d9d",
                "sha256:5406edb63da0b1034c43c0d18b16e4cbf2392519cc15e19beba86c61af418dab",
                "sha256:6289ca35f42d3dbb7b6d1fb09d338ed14ed544dcaff5f865cd9784fe687bdbaf",
                "sha256:6b8f20278bc7fd1e078bfbfbaaebdd1e5cae86a31e9e92f3c330c0e2560e69e3",
                "sha256:6faae89358463ee21dc1810fb83ad8ff0386add5f116e5b080da5eb3fbb3b636",
                "sha256:73384952f99c7fe342f261c4100627ecaa60c598630efd0fc201ce0411777689",
                "sha256:a0c1d98bf0787298dd6ef1e14a67503b90296196e1345b1d7a1edd3b9a21002d",
                "sha256:b02838df9baffb3ed00b67f8d750f043a8fcb09d10b290c319abdf98b2a33c40",
                "sha256:b5bf670f9b26e420cc4743c5ec93fc591cf90fe706bbb900113388c7dba71dbe",
                "sha256:c128c801f81f788ed32bd46c2836c13a41c3374f4172030ee4df1c8be258035b",
                "sha256:c1de9d146f89004a783e68ee3ba095944d421d3ac6263a69a2a8bb8e8aa928cc",
                "sha256:c35809c375b00f5b59bd9d459dd88d36632834813c474c0b86e065611852c470",
                "sha256:d40f8e89ba3c7eae7231683f168a273ed892b305d39c5e2f93abe016e58c5f53",
                "sha256:d8433bca61e077ea210573e9a2f18342942feae143fc0bd9e7202c6eec5a5200",
                "sha256:f40b83ca8ea93251ef34999f27a3e86f78490f3bea164a00e5b63a60407103fc"
            ],
            "version": "==0.1.2"
        },
        "pygments": {
            "hashes": [
                "sha256:2656e1a6edcdabf4275f9a3640db59fd5de107d88e8663c5d4e9a0fa62f77f94",
                "sha256:534ef71d539ae97d4c3a4cf7d6f110f214b0e687e92f9cb9d2a3b0d3101289c8"
            ],
            "markers": "python_version >= '3.5'",
            "version": "==2.8.1"
        },
        "requests": {
            "hashes": [
                "sha256:27973dd4a904a4f13b263a19c866c13b92a39ed1c964655f025f3f8d3d75b804",
                "sha256:c210084e36a42ae6b9219e00e48287def368a26d03a048ddad7bfee44f75871e"
            ],
            "markers": "python_version >= '2.7' and python_version not in '3.0, 3.1, 3.2, 3.3, 3.4'",
            "version": "==2.25.1"
        },
        "scalecodec": {
            "hashes": [
                "sha256:a624fe1edda8c868ecc4645b8ef7c2a4809d6fcd465de6c45f8a749fdbfbc802",
                "sha256:b8557d4b5d65ae5168e90da08eeef27340697337a258e437e290185043be2716"
            ],
            "markers": "python_version >= '3.6' and python_version < '4'",
            "version": "==0.10.81"
        },
        "six": {
            "hashes": [
                "sha256:30639c035cdb23534cd4aa2dd52c3bf48f06e5f4a941509c8bafd8ce11080259",
                "sha256:8b74bedcbbbaca38ff6d7491d76f2b06b3592611af620f8426e82dddb04a5ced"
            ],
            "markers": "python_version >= '2.7' and python_version not in '3.0, 3.1, 3.2, 3.3'",
            "version": "==1.15.0"
        },
        "substrate-interface": {
            "hashes": [
                "sha256:ceb333ec18643ae6a226048f56f2393b54ffeb3e66f3f095f22602eeb6589fb9",
                "sha256:dea28671d9f131c625c9eec5b34198fb913515042e05e74611bd230b73ae3428"
            ],
            "index": "pypi",
            "version": "==0.12.6"
        },
        "tqdm": {
            "hashes": [
                "sha256:daec693491c52e9498632dfbe9ccfc4882a557f5fa08982db1b4d3adbe0887c3",
                "sha256:ebdebdb95e3477ceea267decfc0784859aa3df3e27e22d23b83e9b272bf157ae"
            ],
            "index": "pypi",
            "version": "==4.60.0"
        },
        "traitlets": {
            "hashes": [
                "sha256:178f4ce988f69189f7e523337a3e11d91c786ded9360174a3d9ca83e79bc5396",
                "sha256:69ff3f9d5351f31a7ad80443c2674b7099df13cc41fc5fa6e2f6d3b0330b0426"
            ],
            "markers": "python_version >= '3.7'",
            "version": "==5.0.5"
        },
        "urllib3": {
            "hashes": [
                "sha256:2f4da4594db7e1e110a944bb1b551fdf4e6c136ad42e4234131391e21eb5b0df",
                "sha256:e7b021f7241115872f92f43c6508082facffbd1c048e3c6e2bb9c2a157e28937"
            ],
            "markers": "python_version >= '2.7' and python_version not in '3.0, 3.1, 3.2, 3.3, 3.4' and python_version < '4'",
            "version": "==1.26.4"
        },
        "wcwidth": {
            "hashes": [
                "sha256:beb4802a9cebb9144e99086eff703a642a13d6a0052920003a230f3294bbe784",
                "sha256:c4d647b99872929fdb7bdcaa4fbe7f01413ed3d98077df798530e5b04f116c83"
            ],
            "version": "==0.2.5"
        },
        "websocket-client": {
            "hashes": [
                "sha256:44b5df8f08c74c3d82d28100fdc81f4536809ce98a17f0757557813275fbb663",
                "sha256:63509b41d158ae5b7f67eb4ad20fecbb4eee99434e73e140354dc3ff8e09716f"
            ],
            "markers": "python_version >= '2.6' and python_version not in '3.0, 3.1, 3.2, 3.3'",
            "version": "==0.58.0"
        },
        "xxhash": {
            "hashes": [
                "sha256:00aaf882036d2a0fa7652cf9aeaaf2ad077b784c09ef8d60f5d97ebf0d47ffa1",
                "sha256:04ae5706ddfe0fd2b46cd0b6487d3edae7e724e27d732b055ffd0f9539c4afc5",
                "sha256:0b92a01dc8dcada8827de140a5df83c9e8e5c190ef8bf972c98ebbe0924ee044",
                "sha256:0beb79835ca47af257f8126fccd9d5e0ba56ba7d39dab6f6b5a7acea4d8ac4b5",
                "sha256:173d3f662dc88de734bd622e46a3bbac6fd00e957b3e098fa8b75b141aa4354e",
                "sha256:17a3b0a2ff20879ed5c9d9c178349e9c6257db11b193e4103282d7a78ef9cb08",
                "sha256:1dfa115c8e07b3e1d94ebd60a6d6ee16ea692efb890e245addb0d33b47ee1dee",
                "sha256:22ddd484cd92d138feeec556387894b8ec529bab7f2feb3a177eb84baadee8c1",
                "sha256:357f6a52bd18a80635cf4c83f648c42fa0609713b4183929ed019f7627af4b68",
                "sha256:4243dbeb1ce09d359289844f0c54676343857fdc6a092184aea159fecdf6d9f3",
                "sha256:427851234a87bfe6636c90b89bd65b7ca913befff3c7bcd92a3568e635fccc92",
                "sha256:43fd97f332bd581639bb99fe8f09f7e9113d49cad4d21bef0620867f92c802c6",
                "sha256:515747159fccd23fc9d1b7afeaa8bd7fc36884188b47491713d22032c5f9e502",
                "sha256:57d43ce9594676b503c0a0a383481cb4e5cf736f88970bd41849fe15a68a5d48",
                "sha256:5dc3da5fa855dd8e35f24d20fabfcd29c0b3ac85a14dc2c329c029971ae4eeb7",
                "sha256:6077fdb44f68920c4ac8e2f34b2a107c9a218f00a698253c824a0c6c1b9622a3",
                "sha256:676d6964b8a9bdaf737ae6836b886ab53b2863c6aa00d43952b130a6130d1bdc",
                "sha256:686fcf2aff041df65470eccc7dcea5e7e77cfad99efcaba0c6f58bbd81846e10",
                "sha256:68d067427f2c6f7b3014e28bf4794b0876ab5f6366b53e1d6f59d275b4f19a8d",
                "sha256:6e5058c3fa5b42ded9a303f1a5a42d3ff732cb54c108424c63e993fc3379513c",
                "sha256:6fc0b8c21a181b771e1f0c25eb8a0a241af0126f1fc19f4c3cde7233de91326f",
                "sha256:71b38300e1803ab32ee787f89cdbc032b46ac5834eca9109d8fb576ae1a31741",
                "sha256:73649555656dd17e809b9b3c54855f4f72144024b0e6395cd37b5395fa0f48c3",
                "sha256:81ec049f4936a49311e1fc58036d7d682b5c83d6d16ba1c852a981588c90e027",
                "sha256:8362693a1ce5c1373f48f047470e7797ed17dfe5babc37ba7bef50d6e6f83a72",
                "sha256:9b6bb1bd34a6365c790c328a604ec5a628059fef6e4486380caa89bc12787a6e",
                "sha256:9e6e5e095417060bed45119c510d5bc846b62e2a8218cb3e5a19b3ccf12e4c18",
                "sha256:a0199a07a264be96ed658ba3b4e9ee58a3c678e51a18e134e2518cf1a8171e18",
                "sha256:a8a68d117178f15c96cb9ae2613f53db94e0fdb34ffc69c7ab600c899c7a966c",
                "sha256:a922315c8e20dae0d35e54b49fd7ee348fe0a5e2fd8ec02f6a74140e063fcdb3",
                "sha256:b232b47a3aa825e0df14b1bd3e051dd327c8539e382728ddb81997d26de5256a",
                "sha256:b4964e7ddca1ef9d7addef40a9f5eaa97aeda367c1d895e392533c0d2f9c3b8e",
                "sha256:b4b7d4d19c125738c5fc48356505dfbd63b3cdf826dd868a1b80a73de48729b7",
                "sha256:b7640e043ac6e0f503eadb108e6971d69b0c95c23fbcac3e5632578f9f906050",
                "sha256:b7bead8cf6210eadf9cecf356e17af794f57c0939a3d420a00d87ea652f87b49",
                "sha256:bb8c0efad20da40da1aa56f36b929b965d1adede8a1d5b37b702d378a683e0dd",
                "sha256:c2e44d162c3361392dbde736ee8ba3d1a414f63e32be6c71186f2b0654559d26",
                "sha256:c4a0806ffb33c9d892b5565fa010c252c7e0f4d01ded901a637dfede624e4d0c",
                "sha256:c4a892bc47b6ea92bbb82499a81882548ce990d62c1862b3834f1f70e8cf4423",
                "sha256:c75f8375c80c3815f49a744ef1a8303577757eb9a2dc53bed33d9318b760fec6",
                "sha256:cb3a196fd1d55ce86b1123cbf3ef6603f80f4d0b46541412bb5056b0563ef384",
                "sha256:d47ab1245ee4c7e6fc424ad990e4d7cfe0f206d617efe990fea34000a9242102",
                "sha256:d707d2a053a5d55ccd2e59d7a228636cafeebb44c9ac3ca1c088f4d384c8c3a9",
                "sha256:d7175cd7f490aae742d18eb9b519e74180958f88fa8ff47091727b3efb57bfbf",
                "sha256:dac3b94881b943bbe418f5829128b9c48f69a66f816ef8b72ee0129d676dbd7c",
                "sha256:dad190caa293abbb39d96b4a09f121fc971d81eb19c96e4e0db89a99a7d59b93",
                "sha256:dafd1066c99d448a7a1226f10766b61ff752aaad8a4392e4cae30aafefa6fff5",
                "sha256:db2352d375e6594620c462c029d3c1a1b18ff7168e470657e354f1b8b332d9dd",
                "sha256:dc328d3d635ec851d6befdf6ced2134d587d3be973dbbbc489da24c0c88ecb01",
                "sha256:dd9c72520f790ce6eaa535cdad1a53ded22deab43766cfa7cef42834a9a65561",
                "sha256:df71aeedee74eaf670d1243b6722c8c77626f3b6e6cf2cd79f2e336b151749cd",
                "sha256:dfacce97a3ccb46089e358ceaeca9300298511673bf87596da66882af386f6c7",
                "sha256:e1787b9cea43f256f8d06c8429999d386a9da9cb000c265a4dde48dd08242528",
                "sha256:e70059c5cc8f0cecd16d8cb0263de8f317239cabee3fa4af35c0a1ddaed2110e",
                "sha256:e94fdff9b102ca7c0969230d209f7ce17020db17a89d026ac45d8ffb9e4929ec",
                "sha256:eb1e9e347c9810a272154814cf5ce33a6c3ac7d0d7cbcb066e92dd5f9fa4db8f",
                "sha256:eb2670ed6c435189aeb479bfff990e00b849ae0ff49945632db74b2a2a08d192",
                "sha256:ebff22f1783f641c6c2b313bfc44d6cc620c17409ec512e67c7c6de809155880",
                "sha256:f2bef10c417c4667310cc240d49e521e6b5fc90c4ff77a1ec78649869685e8d3",
                "sha256:f49dbd3b8e4cc13f2df92fb3db39204e3258105a212e23784cbb340e415ae8ed",
                "sha256:f95adf6091fa13ce19fab21fadb8d07210822320568d24a6405d6b557afc0411",
                "sha256:fb28b0313c7582225373f343635674231518452331a9bdea8261d0e27b48594f",
                "sha256:fdfac2014301da79cebcd8f9535c875f63242fe404d741cec5f70f400cc6a561",
                "sha256:ff518ec1bd7cc33218f8f3325848c56e9c73c5df30138a64a89dd65ab1e1ffb5"
            ],
            "markers": "python_version >= '2.6' and python_version not in '3.0, 3.1, 3.2, 3.3'",
            "version": "==2.0.2"
        }
    },
    "develop": {}
}
